
Microsoft Visual Studio Solution File, Format Version 12.00
# Visual Studio Version 17
VisualStudioVersion = 17.14.36301.6 d17.14
MinimumVisualStudioVersion = 10.0.40219.1
Project("{FAE04EC0-301F-11D3-BF4B-00C04F79EFBC}") = "Topic 4 - Random Numbers", "Topic 4 - Random Numbers.csproj", "{6455CA99-8AD3-418F-814B-40933D9B6624}"
EndProject
Global
	GlobalSection(SolutionConfigurationPlatforms) = preSolution
		Debug|Any CPU = Debug|Any CPU
		Release|Any CPU = Release|Any CPU
	EndGlobalSection
	GlobalSection(ProjectConfigurationPlatforms) = postSolution
		{6455CA99-8AD3-418F-814B-40933D9B6624}.Debug|Any CPU.ActiveCfg = Debug|Any CPU
		{6455CA99-8AD3-418F-814B-40933D9B6624}.Debug|Any CPU.Build.0 = Debug|Any CPU
		{6455CA99-8AD3-418F-814B-40933D9B6624}.Release|Any CPU.ActiveCfg = Release|Any CPU
		{6455CA99-8AD3-418F-814B-40933D9B6624}.Release|Any CPU.Build.0 = Release|Any CPU
	EndGlobalSection
	GlobalSection(SolutionProperties) = preSolution
		HideSolutionNode = FALSE
	EndGlobalSection
	GlobalSection(ExtensibilityGlobals) = postSolution
		SolutionGuid = {5F77B97D-85F7-4472-8E7A-62427FAF47AD}
	EndGlobalSection
EndGlobal
